
Microsoft Visual Studio Solution File, Format Version 12.00
# Visual Studio Version 17
VisualStudioVersion = 17.11.35312.102
MinimumVisualStudioVersion = 10.0.40219.1
Project("{FAE04EC0-301F-11D3-BF4B-00C04F79EFBC}") = "Estacionamento Projeto", "Estacionamento Projeto\Estacionamento Projeto.csproj", "{9411C73A-F2AE-4C10-81B8-FE5CCEAA6ED2}"
EndProject
Global
	GlobalSection(SolutionConfigurationPlatforms) = preSolution
		Debug|Any CPU = Debug|Any CPU
		Release|Any CPU = Release|Any CPU
	EndGlobalSection
	GlobalSection(ProjectConfigurationPlatforms) = postSolution
		{9411C73A-F2AE-4C10-81B8-FE5CCEAA6ED2}.Debug|Any CPU.ActiveCfg = Debug|Any CPU
		{9411C73A-F2AE-4C10-81B8-FE5CCEAA6ED2}.Debug|Any CPU.Build.0 = Debug|Any CPU
		{9411C73A-F2AE-4C10-81B8-FE5CCEAA6ED2}.Release|Any CPU.ActiveCfg = Release|Any CPU
		{9411C73A-F2AE-4C10-81B8-FE5CCEAA6ED2}.Release|Any CPU.Build.0 = Release|Any CPU
	EndGlobalSection
	GlobalSection(SolutionProperties) = preSolution
		HideSolutionNode = FALSE
	EndGlobalSection
	GlobalSection(ExtensibilityGlobals) = postSolution
		SolutionGuid = {A6D7B9EA-2D89-4562-94E4-527C9C67826A}
	EndGlobalSection
EndGlobal
